
Microsoft Visual Studio Solution File, Format Version 12.00
# 
Project("{2150E333-8FDC-42A3-9474-1A3956D46DE8}") = "src", "src", "{98A057E3-E443-42F9-BFA7-E646D9740D36}"
EndProject
Project("{FAE04EC0-301F-11D3-BF4B-00C04F79EFBC}") = "MultiAiClient.API", "src\MultiAiClient.API\MultiAiClient.API.csproj", "{7A46D09B-E1AB-4310-86AD-7CBB526AC735}"
EndProject
Project("{FAE04EC0-301F-11D3-BF4B-00C04F79EFBC}") = "MultiAiClient.Core", "src\MultiAiClient.Core\MultiAiClient.Core.csproj", "{463C5F04-BB49-413F-840D-2059F2982CD8}"
EndProject
Project("{FAE04EC0-301F-11D3-BF4B-00C04F79EFBC}") = "MultiAiClient.Infrastructure", "src\MultiAiClient.Infrastructure\MultiAiClient.Infrastructure.csproj", "{ACCD3148-A105-44F8-AD48-3563BD3CD834}"
EndProject
Project("{FAE04EC0-301F-11D3-BF4B-00C04F79EFBC}") = "MultiAiClient.Providers", "src\MultiAiClient.Providers\MultiAiClient.Providers.csproj", "{8B78A9A7-DA01-498E-8350-3D9E778649DA}"
EndProject
Global
	GlobalSection(SolutionConfigurationPlatforms) = preSolution
		Debug|Any CPU = Debug|Any CPU
		Release|Any CPU = Release|Any CPU
	EndGlobalSection
	GlobalSection(ProjectConfigurationPlatforms) = postSolution
		{7A46D09B-E1AB-4310-86AD-7CBB526AC735}.Debug|Any CPU.ActiveCfg = Debug|Any CPU
		{7A46D09B-E1AB-4310-86AD-7CBB526AC735}.Debug|Any CPU.Build.0 = Debug|Any CPU
		{7A46D09B-E1AB-4310-86AD-7CBB526AC735}.Release|Any CPU.ActiveCfg = Release|Any CPU
		{7A46D09B-E1AB-4310-86AD-7CBB526AC735}.Release|Any CPU.Build.0 = Release|Any CPU
		{463C5F04-BB49-413F-840D-2059F2982CD8}.Debug|Any CPU.ActiveCfg = Debug|Any CPU
		{463C5F04-BB49-413F-840D-2059F2982CD8}.Debug|Any CPU.Build.0 = Debug|Any CPU
		{463C5F04-BB49-413F-840D-2059F2982CD8}.Release|Any CPU.ActiveCfg = Release|Any CPU
		{463C5F04-BB49-413F-840D-2059F2982CD8}.Release|Any CPU.Build.0 = Release|Any CPU
		{ACCD3148-A105-44F8-AD48-3563BD3CD834}.Debug|Any CPU.ActiveCfg = Debug|Any CPU
		{ACCD3148-A105-44F8-AD48-3563BD3CD834}.Debug|Any CPU.Build.0 = Debug|Any CPU
		{ACCD3148-A105-44F8-AD48-3563BD3CD834}.Release|Any CPU.ActiveCfg = Release|Any CPU
		{ACCD3148-A105-44F8-AD48-3563BD3CD834}.Release|Any CPU.Build.0 = Release|Any CPU
		{8B78A9A7-DA01-498E-8350-3D9E778649DA}.Debug|Any CPU.ActiveCfg = Debug|Any CPU
		{8B78A9A7-DA01-498E-8350-3D9E778649DA}.Debug|Any CPU.Build.0 = Debug|Any CPU
		{8B78A9A7-DA01-498E-8350-3D9E778649DA}.Release|Any CPU.ActiveCfg = Release|Any CPU
		{8B78A9A7-DA01-498E-8350-3D9E778649DA}.Release|Any CPU.Build.0 = Release|Any CPU
	EndGlobalSection
	GlobalSection(NestedProjects) = preSolution
		{7A46D09B-E1AB-4310-86AD-7CBB526AC735} = {98A057E3-E443-42F9-BFA7-E646D9740D36}
		{463C5F04-BB49-413F-840D-2059F2982CD8} = {98A057E3-E443-42F9-BFA7-E646D9740D36}
		{ACCD3148-A105-44F8-AD48-3563BD3CD834} = {98A057E3-E443-42F9-BFA7-E646D9740D36}
		{8B78A9A7-DA01-498E-8350-3D9E778649DA} = {98A057E3-E443-42F9-BFA7-E646D9740D36}
	EndGlobalSection
EndGlobal
